
Microsoft Visual Studio Solution File, Format Version 12.00
# Visual Studio 15
VisualStudioVersion = 15.0.26124.0
MinimumVisualStudioVersion = 15.0.26124.0
Project("{FAE04EC0-301F-11D3-BF4B-00C04F79EFBC}") = "AdventureBot.Alexa", "AdventureBot.Alexa\AdventureBot.Alexa.csproj", "{1D2C595D-E50F-4334-82E7-20C11EA44746}"
EndProject
Project("{FAE04EC0-301F-11D3-BF4B-00C04F79EFBC}") = "AdventureBot.Cli", "AdventureBot.Cli\AdventureBot.Cli.csproj", "{8BB81723-DA53-4C82-AA12-81B5BBD8C637}"
EndProject
Project("{FAE04EC0-301F-11D3-BF4B-00C04F79EFBC}") = "AdventureBot", "AdventureBot\AdventureBot.csproj", "{352F8C8D-264F-4C7A-BC00-9F5EF15D8D2E}"
EndProject
Global
	GlobalSection(SolutionConfigurationPlatforms) = preSolution
		Debug|Any CPU = Debug|Any CPU
		Debug|x64 = Debug|x64
		Debug|x86 = Debug|x86
		Release|Any CPU = Release|Any CPU
		Release|x64 = Release|x64
		Release|x86 = Release|x86
	EndGlobalSection
	GlobalSection(SolutionProperties) = preSolution
		HideSolutionNode = FALSE
	EndGlobalSection
	GlobalSection(ProjectConfigurationPlatforms) = postSolution
		{1D2C595D-E50F-4334-82E7-20C11EA44746}.Debug|Any CPU.ActiveCfg = Debug|Any CPU
		{1D2C595D-E50F-4334-82E7-20C11EA44746}.Debug|Any CPU.Build.0 = Debug|Any CPU
		{1D2C595D-E50F-4334-82E7-20C11EA44746}.Debug|x64.ActiveCfg = Debug|x64
		{1D2C595D-E50F-4334-82E7-20C11EA44746}.Debug|x64.Build.0 = Debug|x64
		{1D2C595D-E50F-4334-82E7-20C11EA44746}.Debug|x86.ActiveCfg = Debug|x86
		{1D2C595D-E50F-4334-82E7-20C11EA44746}.Debug|x86.Build.0 = Debug|x86
		{1D2C595D-E50F-4334-82E7-20C11EA44746}.Release|Any CPU.ActiveCfg = Release|Any CPU
		{1D2C595D-E50F-4334-82E7-20C11EA44746}.Release|Any CPU.Build.0 = Release|Any CPU
		{1D2C595D-E50F-4334-82E7-20C11EA44746}.Release|x64.ActiveCfg = Release|x64
		{1D2C595D-E50F-4334-82E7-20C11EA44746}.Release|x64.Build.0 = Release|x64
		{1D2C595D-E50F-4334-82E7-20C11EA44746}.Release|x86.ActiveCfg = Release|x86
		{1D2C595D-E50F-4334-82E7-20C11EA44746}.Release|x86.Build.0 = Release|x86
		{8BB81723-DA53-4C82-AA12-81B5BBD8C637}.Debug|Any CPU.ActiveCfg = Debug|Any CPU
		{8BB81723-DA53-4C82-AA12-81B5BBD8C637}.Debug|Any CPU.Build.0 = Debug|Any CPU
		{8BB81723-DA53-4C82-AA12-81B5BBD8C637}.Debug|x64.ActiveCfg = Debug|x64
		{8BB81723-DA53-4C82-AA12-81B5BBD8C637}.Debug|x64.Build.0 = Debug|x64
		{8BB81723-DA53-4C82-AA12-81B5BBD8C637}.Debug|x86.ActiveCfg = Debug|x86
		{8BB81723-DA53-4C82-AA12-81B5BBD8C637}.Debug|x86.Build.0 = Debug|x86
		{8BB81723-DA53-4C82-AA12-81B5BBD8C637}.Release|Any CPU.ActiveCfg = Release|Any CPU
		{8BB81723-DA53-4C82-AA12-81B5BBD8C637}.Release|Any CPU.Build.0 = Release|Any CPU
		{8BB81723-DA53-4C82-AA12-81B5BBD8C637}.Release|x64.ActiveCfg = Release|x64
		{8BB81723-DA53-4C82-AA12-81B5BBD8C637}.Release|x64.Build.0 = Release|x64
		{8BB81723-DA53-4C82-AA12-81B5BBD8C637}.Release|x86.ActiveCfg = Release|x86
		{8BB81723-DA53-4C82-AA12-81B5BBD8C637}.Release|x86.Build.0 = Release|x86
		{352F8C8D-264F-4C7A-BC00-9F5EF15D8D2E}.Debug|Any CPU.ActiveCfg = Debug|Any CPU
		{352F8C8D-264F-4C7A-BC00-9F5EF15D8D2E}.Debug|Any CPU.Build.0 = Debug|Any CPU
		{352F8C8D-264F-4C7A-BC00-9F5EF15D8D2E}.Debug|x64.ActiveCfg = Debug|x64
		{352F8C8D-264F-4C7A-BC00-9F5EF15D8D2E}.Debug|x64.Build.0 = Debug|x64
		{352F8C8D-264F-4C7A-BC00-9F5EF15D8D2E}.Debug|x86.ActiveCfg = Debug|x86
		{352F8C8D-264F-4C7A-BC00-9F5EF15D8D2E}.Debug|x86.Build.0 = Debug|x86
		{352F8C8D-264F-4C7A-BC00-9F5EF15D8D2E}.Release|Any CPU.ActiveCfg = Release|Any CPU
		{352F8C8D-264F-4C7A-BC00-9F5EF15D8D2E}.Release|Any CPU.Build.0 = Release|Any CPU
		{352F8C8D-264F-4C7A-BC00-9F5EF15D8D2E}.Release|x64.ActiveCfg = Release|x64
		{352F8C8D-264F-4C7A-BC00-9F5EF15D8D2E}.Release|x64.Build.0 = Release|x64
		{352F8C8D-264F-4C7A-BC00-9F5EF15D8D2E}.Release|x86.ActiveCfg = Release|x86
		{352F8C8D-264F-4C7A-BC00-9F5EF15D8D2E}.Release|x86.Build.0 = Release|x86
	EndGlobalSection
EndGlobal
